
Microsoft Visual Studio Solution File, Format Version 12.00
# Visual Studio 15
VisualStudioVersion = 15.0.26228.4
MinimumVisualStudioVersion = 10.0.40219.1
Project("{FAE04EC0-301F-11D3-BF4B-00C04F79EFBC}") = "Accounting.App", "Accounting.App\Accounting.App.csproj", "{92A6C87C-3176-4F72-ADC3-6101D5281448}"
EndProject
Project("{FAE04EC0-301F-11D3-BF4B-00C04F79EFBC}") = "Accounting.ViewModels", "Accounting.ViewModel\Accounting.ViewModels.csproj", "{4997F926-BD67-40B9-BDD0-D93CA4D899E3}"
EndProject
Project("{FAE04EC0-301F-11D3-BF4B-00C04F79EFBC}") = "Test", "Test\Test.csproj", "{A5EC0231-9F73-4638-9384-A49471652191}"
EndProject
Project("{FAE04EC0-301F-11D3-BF4B-00C04F79EFBC}") = "Accounting.Utility", "Accounting.Utility\Accounting.Utility.csproj", "{83039DD1-2F53-4CEA-A21F-80E443028E07}"
EndProject
Project("{FAE04EC0-301F-11D3-BF4B-00C04F79EFBC}") = "Accounting.DataLayer", "Accounting.DataLayer\Accounting.DataLayer.csproj", "{0B641EE1-06ED-4C96-B2CF-36D23E350553}"
EndProject
Global
	GlobalSection(SolutionConfigurationPlatforms) = preSolution
		Debug|Any CPU = Debug|Any CPU
		Release|Any CPU = Release|Any CPU
	EndGlobalSection
	GlobalSection(ProjectConfigurationPlatforms) = postSolution
		{92A6C87C-3176-4F72-ADC3-6101D5281448}.Debug|Any CPU.ActiveCfg = Debug|Any CPU
		{92A6C87C-3176-4F72-ADC3-6101D5281448}.Debug|Any CPU.Build.0 = Debug|Any CPU
		{92A6C87C-3176-4F72-ADC3-6101D5281448}.Release|Any CPU.ActiveCfg = Release|Any CPU
		{92A6C87C-3176-4F72-ADC3-6101D5281448}.Release|Any CPU.Build.0 = Release|Any CPU
		{4997F926-BD67-40B9-BDD0-D93CA4D899E3}.Debug|Any CPU.ActiveCfg = Debug|Any CPU
		{4997F926-BD67-40B9-BDD0-D93CA4D899E3}.Debug|Any CPU.Build.0 = Debug|Any CPU
		{4997F926-BD67-40B9-BDD0-D93CA4D899E3}.Release|Any CPU.ActiveCfg = Release|Any CPU
		{4997F926-BD67-40B9-BDD0-D93CA4D899E3}.Release|Any CPU.Build.0 = Release|Any CPU
		{A5EC0231-9F73-4638-9384-A49471652191}.Debug|Any CPU.ActiveCfg = Debug|Any CPU
		{A5EC0231-9F73-4638-9384-A49471652191}.Debug|Any CPU.Build.0 = Debug|Any CPU
		{A5EC0231-9F73-4638-9384-A49471652191}.Release|Any CPU.ActiveCfg = Release|Any CPU
		{A5EC0231-9F73-4638-9384-A49471652191}.Release|Any CPU.Build.0 = Release|Any CPU
		{83039DD1-2F53-4CEA-A21F-80E443028E07}.Debug|Any CPU.ActiveCfg = Debug|Any CPU
		{83039DD1-2F53-4CEA-A21F-80E443028E07}.Debug|Any CPU.Build.0 = Debug|Any CPU
		{83039DD1-2F53-4CEA-A21F-80E443028E07}.Release|Any CPU.ActiveCfg = Release|Any CPU
		{83039DD1-2F53-4CEA-A21F-80E443028E07}.Release|Any CPU.Build.0 = Release|Any CPU
		{0B641EE1-06ED-4C96-B2CF-36D23E350553}.Debug|Any CPU.ActiveCfg = Debug|Any CPU
		{0B641EE1-06ED-4C96-B2CF-36D23E350553}.Debug|Any CPU.Build.0 = Debug|Any CPU
		{0B641EE1-06ED-4C96-B2CF-36D23E350553}.Release|Any CPU.ActiveCfg = Release|Any CPU
		{0B641EE1-06ED-4C96-B2CF-36D23E350553}.Release|Any CPU.Build.0 = Release|Any CPU
	EndGlobalSection
	GlobalSection(SolutionProperties) = preSolution
		HideSolutionNode = FALSE
	EndGlobalSection
EndGlobal
